
Microsoft Visual Studio Solution File, Format Version 12.00
# Visual Studio Version 17
VisualStudioVersion = 17.0.31903.59
MinimumVisualStudioVersion = 10.0.40219.1
Project("{F2A71F9B-5D33-465A-A702-920D77279786}") = "build", "build\build.fsproj", "{E4EFD0D5-A5B6-4C96-BA49-FEB6FD9B0526}"
EndProject
Project("{2150E333-8FDC-42A3-9474-1A3956D46DE8}") = "src", "src", "{56875189-F31B-4C73-972C-AF86D30D512D}"
EndProject
Project("{F2A71F9B-5D33-465A-A702-920D77279786}") = "Server", "src\Server\Server.fsproj", "{F7DC71C0-E61A-445C-8FD8-EAE1E70626B5}"
EndProject
Project("{2150E333-8FDC-42A3-9474-1A3956D46DE8}") = "test", "test", "{6D76B496-5499-41AA-B0F0-45637EEF18DE}"
EndProject
Project("{F2A71F9B-5D33-465A-A702-920D77279786}") = "Automation", "test\Automation\Automation.fsproj", "{9A943480-905B-496A-889D-BB3C5BD7D584}"
EndProject
Project("{F2A71F9B-5D33-465A-A702-920D77279786}") = "Shared", "src\Shared\Shared.fsproj", "{D915E5D1-65AA-4150-8001-37F291C631ED}"
EndProject
Project("{F2A71F9B-5D33-465A-A702-920D77279786}") = "ServerInterfaces", "src\ServerInterfaces\ServerInterfaces.fsproj", "{5A00DF86-C2E5-4B2E-99B7-46EF4ECC1DCC}"
EndProject
Project("{F2A71F9B-5D33-465A-A702-920D77279786}") = "MVU", "src\MVU\MVU.fsproj", "{43690186-EF0E-4B12-A0BA-81AAD3E9940B}"
EndProject
Project("{F2A71F9B-5D33-465A-A702-920D77279786}") = "Client", "src\Client\Client.fsproj", "{019B40FE-8600-4AB6-92C6-CD17EA2621B3}"
EndProject
Project("{F2A71F9B-5D33-465A-A702-920D77279786}") = "Command", "src\Command\Command.fsproj", "{2CB64086-3C90-4356-B27E-7AF20EF025D8}"
EndProject
Global
	GlobalSection(SolutionConfigurationPlatforms) = preSolution
		Debug|Any CPU = Debug|Any CPU
		Release|Any CPU = Release|Any CPU
	EndGlobalSection
	GlobalSection(SolutionProperties) = preSolution
		HideSolutionNode = FALSE
	EndGlobalSection
	GlobalSection(ProjectConfigurationPlatforms) = postSolution
		{E4EFD0D5-A5B6-4C96-BA49-FEB6FD9B0526}.Debug|Any CPU.ActiveCfg = Debug|Any CPU
		{E4EFD0D5-A5B6-4C96-BA49-FEB6FD9B0526}.Debug|Any CPU.Build.0 = Debug|Any CPU
		{E4EFD0D5-A5B6-4C96-BA49-FEB6FD9B0526}.Release|Any CPU.ActiveCfg = Release|Any CPU
		{E4EFD0D5-A5B6-4C96-BA49-FEB6FD9B0526}.Release|Any CPU.Build.0 = Release|Any CPU
		{F7DC71C0-E61A-445C-8FD8-EAE1E70626B5}.Debug|Any CPU.ActiveCfg = Debug|Any CPU
		{F7DC71C0-E61A-445C-8FD8-EAE1E70626B5}.Debug|Any CPU.Build.0 = Debug|Any CPU
		{F7DC71C0-E61A-445C-8FD8-EAE1E70626B5}.Release|Any CPU.ActiveCfg = Release|Any CPU
		{F7DC71C0-E61A-445C-8FD8-EAE1E70626B5}.Release|Any CPU.Build.0 = Release|Any CPU
		{9A943480-905B-496A-889D-BB3C5BD7D584}.Debug|Any CPU.ActiveCfg = Debug|Any CPU
		{9A943480-905B-496A-889D-BB3C5BD7D584}.Debug|Any CPU.Build.0 = Debug|Any CPU
		{9A943480-905B-496A-889D-BB3C5BD7D584}.Release|Any CPU.ActiveCfg = Release|Any CPU
		{9A943480-905B-496A-889D-BB3C5BD7D584}.Release|Any CPU.Build.0 = Release|Any CPU
		{D915E5D1-65AA-4150-8001-37F291C631ED}.Debug|Any CPU.ActiveCfg = Debug|Any CPU
		{D915E5D1-65AA-4150-8001-37F291C631ED}.Debug|Any CPU.Build.0 = Debug|Any CPU
		{D915E5D1-65AA-4150-8001-37F291C631ED}.Release|Any CPU.ActiveCfg = Release|Any CPU
		{D915E5D1-65AA-4150-8001-37F291C631ED}.Release|Any CPU.Build.0 = Release|Any CPU
		{5A00DF86-C2E5-4B2E-99B7-46EF4ECC1DCC}.Debug|Any CPU.ActiveCfg = Debug|Any CPU
		{5A00DF86-C2E5-4B2E-99B7-46EF4ECC1DCC}.Debug|Any CPU.Build.0 = Debug|Any CPU
		{5A00DF86-C2E5-4B2E-99B7-46EF4ECC1DCC}.Release|Any CPU.ActiveCfg = Release|Any CPU
		{5A00DF86-C2E5-4B2E-99B7-46EF4ECC1DCC}.Release|Any CPU.Build.0 = Release|Any CPU
		{43690186-EF0E-4B12-A0BA-81AAD3E9940B}.Debug|Any CPU.ActiveCfg = Debug|Any CPU
		{43690186-EF0E-4B12-A0BA-81AAD3E9940B}.Debug|Any CPU.Build.0 = Debug|Any CPU
		{43690186-EF0E-4B12-A0BA-81AAD3E9940B}.Release|Any CPU.ActiveCfg = Release|Any CPU
		{43690186-EF0E-4B12-A0BA-81AAD3E9940B}.Release|Any CPU.Build.0 = Release|Any CPU
		{019B40FE-8600-4AB6-92C6-CD17EA2621B3}.Debug|Any CPU.ActiveCfg = Debug|Any CPU
		{019B40FE-8600-4AB6-92C6-CD17EA2621B3}.Debug|Any CPU.Build.0 = Debug|Any CPU
		{019B40FE-8600-4AB6-92C6-CD17EA2621B3}.Release|Any CPU.ActiveCfg = Release|Any CPU
		{019B40FE-8600-4AB6-92C6-CD17EA2621B3}.Release|Any CPU.Build.0 = Release|Any CPU
		{2CB64086-3C90-4356-B27E-7AF20EF025D8}.Debug|Any CPU.ActiveCfg = Debug|Any CPU
		{2CB64086-3C90-4356-B27E-7AF20EF025D8}.Debug|Any CPU.Build.0 = Debug|Any CPU
		{2CB64086-3C90-4356-B27E-7AF20EF025D8}.Release|Any CPU.ActiveCfg = Release|Any CPU
		{2CB64086-3C90-4356-B27E-7AF20EF025D8}.Release|Any CPU.Build.0 = Release|Any CPU
	EndGlobalSection
	GlobalSection(NestedProjects) = preSolution
		{F7DC71C0-E61A-445C-8FD8-EAE1E70626B5} = {56875189-F31B-4C73-972C-AF86D30D512D}
		{9A943480-905B-496A-889D-BB3C5BD7D584} = {6D76B496-5499-41AA-B0F0-45637EEF18DE}
		{D915E5D1-65AA-4150-8001-37F291C631ED} = {56875189-F31B-4C73-972C-AF86D30D512D}
		{5A00DF86-C2E5-4B2E-99B7-46EF4ECC1DCC} = {56875189-F31B-4C73-972C-AF86D30D512D}
		{43690186-EF0E-4B12-A0BA-81AAD3E9940B} = {56875189-F31B-4C73-972C-AF86D30D512D}
		{2CB64086-3C90-4356-B27E-7AF20EF025D8} = {56875189-F31B-4C73-972C-AF86D30D512D}
	EndGlobalSection
EndGlobal
